
Microsoft Visual Studio Solution File, Format Version 12.00
# Visual Studio Version 17
VisualStudioVersion = 17.11.35327.3
MinimumVisualStudioVersion = 10.0.40219.1
Project("{FAE04EC0-301F-11D3-BF4B-00C04F79EFBC}") = "06_Users_API_Project", "06_Users_API_Project\06_Users_API_Project.csproj", "{E10AA121-E395-43FE-BB90-7542B1DAB91E}"
EndProject
Global
	GlobalSection(SolutionConfigurationPlatforms) = preSolution
		Debug|Any CPU = Debug|Any CPU
		Release|Any CPU = Release|Any CPU
	EndGlobalSection
	GlobalSection(ProjectConfigurationPlatforms) = postSolution
		{E10AA121-E395-43FE-BB90-7542B1DAB91E}.Debug|Any CPU.ActiveCfg = Debug|Any CPU
		{E10AA121-E395-43FE-BB90-7542B1DAB91E}.Debug|Any CPU.Build.0 = Debug|Any CPU
		{E10AA121-E395-43FE-BB90-7542B1DAB91E}.Release|Any CPU.ActiveCfg = Release|Any CPU
		{E10AA121-E395-43FE-BB90-7542B1DAB91E}.Release|Any CPU.Build.0 = Release|Any CPU
	EndGlobalSection
	GlobalSection(SolutionProperties) = preSolution
		HideSolutionNode = FALSE
	EndGlobalSection
	GlobalSection(ExtensibilityGlobals) = postSolution
		SolutionGuid = {3C365CB0-4642-447B-95DC-3A0A1082B699}
	EndGlobalSection
EndGlobal
